
Microsoft Visual Studio Solution File, Format Version 12.00
# Visual Studio Version 16
VisualStudioVersion = 16.0.30611.23
MinimumVisualStudioVersion = 10.0.40219.1
Project("{FAE04EC0-301F-11D3-BF4B-00C04F79EFBC}") = "ReHeaterAPI", "ReHeaterAPI\ReHeaterAPI.csproj", "{9A64C371-3AE1-4FCD-B4A6-53618A3AC639}"
EndProject
Global
	GlobalSection(SolutionConfigurationPlatforms) = preSolution
		Debug|Any CPU = Debug|Any CPU
		Release|Any CPU = Release|Any CPU
	EndGlobalSection
	GlobalSection(ProjectConfigurationPlatforms) = postSolution
		{9A64C371-3AE1-4FCD-B4A6-53618A3AC639}.Debug|Any CPU.ActiveCfg = Debug|Any CPU
		{9A64C371-3AE1-4FCD-B4A6-53618A3AC639}.Debug|Any CPU.Build.0 = Debug|Any CPU
		{9A64C371-3AE1-4FCD-B4A6-53618A3AC639}.Release|Any CPU.ActiveCfg = Release|Any CPU
		{9A64C371-3AE1-4FCD-B4A6-53618A3AC639}.Release|Any CPU.Build.0 = Release|Any CPU
	EndGlobalSection
	GlobalSection(SolutionProperties) = preSolution
		HideSolutionNode = FALSE
	EndGlobalSection
	GlobalSection(ExtensibilityGlobals) = postSolution
		SolutionGuid = {043BA16B-A479-4B5E-8FAF-470ED55F26EE}
	EndGlobalSection
EndGlobal
